{
  "name": "ch2",
  "lockfileVersion": 3,
  "requires": true,
  "packages": {
    "": {
      "dependencies": {
        "keycloak-js": "^26.0.5"
      }
    },
    "node_modules/keycloak-js": {
      "version": "26.0.5",
      "resolved": "https://registry.npmjs.org/keycloak-js/-/keycloak-js-26.0.5.tgz",
      "integrity": "sha512-3biQ5e+yX8EkU3+2ZO+YbWl0emooXt1wyKgZdGCFW8gT0oKeQh/AK6R9a53ACWBzDVoTBI+0GbXP2jF1sFMznw==",
      "license": "Apache-2.0"
    }
  }
}
